
Microsoft Visual Studio Solution File, Format Version 12.00
# Visual Studio Version 16
VisualStudioVersion = 16.0.30204.135
MinimumVisualStudioVersion = 15.0.26124.0
Project("{2150E333-8FDC-42A3-9474-1A3956D46DE8}") = "src", "src", "{3E9104D8-E50E-4AD2-AA48-6CC5A766E780}"
EndProject
Project("{2150E333-8FDC-42A3-9474-1A3956D46DE8}") = "test", "test", "{D1E9CB28-358F-4811-8922-73C0534A2522}"
EndProject
Project("{9A19103F-16F7-4668-BE54-9A1E7A4F7556}") = "MovieTickets.CostAnalyzer", "src\MovieTickets.CostAnalyzer\MovieTickets.CostAnalyzer.csproj", "{6D3ADE9D-45FA-4910-8F94-0C972E650C64}"
EndProject
Project("{9A19103F-16F7-4668-BE54-9A1E7A4F7556}") = "MovieTickets.Contracts", "src\MovieTickets.Contracts\MovieTickets.Contracts.csproj", "{C491E8EE-13DA-46FE-8528-29AC1228F62B}"
EndProject
Project("{9A19103F-16F7-4668-BE54-9A1E7A4F7556}") = "MovieTickets.BillLogger", "src\MovieTickets.BillLogger\MovieTickets.BillLogger.csproj", "{419CF0EA-4CD5-4EB6-AF4F-B6A5BE906250}"
EndProject
Project("{9A19103F-16F7-4668-BE54-9A1E7A4F7556}") = "MovieTickets.JsonTransactionFeed", "src\MovieTickets.JsonTransactionFeed\MovieTickets.JsonTransactionFeed.csproj", "{617EBE83-8D1E-4803-A676-5720DB03AA21}"
EndProject
Project("{9A19103F-16F7-4668-BE54-9A1E7A4F7556}") = "MovieTickets.TransactionProcessor", "src\MovieTickets.TransactionProcessor\MovieTickets.TransactionProcessor.csproj", "{1E7A4C95-17C5-4C3C-A8F3-DC2D6210FB2E}"
EndProject
Project("{FAE04EC0-301F-11D3-BF4B-00C04F79EFBC}") = "MovieTickets.BillingsTests", "test\MovieTickets.BillingsTests\MovieTickets.BillingsTests.csproj", "{ABB45385-9AF7-4BD2-A4E3-61846C9911C7}"
EndProject
Project("{FAE04EC0-301F-11D3-BF4B-00C04F79EFBC}") = "MovieTickets.ProcessingTests", "test\MovieTickets.ProcessingTests\MovieTickets.ProcessingTests.csproj", "{5D1915E5-351A-4B4F-BA42-1AB77FB88CF1}"
EndProject
Project("{FAE04EC0-301F-11D3-BF4B-00C04F79EFBC}") = "MovieTickets.FeedTests", "test\MovieTickets.FeedTests\MovieTickets.FeedTests.csproj", "{64A00BB0-A80B-4039-809E-0F6BB143585B}"
EndProject
Project("{2150E333-8FDC-42A3-9474-1A3956D46DE8}") = "Solution Items", "Solution Items", "{EC0594C0-7CBF-463C-97E5-BD73FDBA9C25}"
	ProjectSection(SolutionItems) = preProject
		README.md = README.md
	EndProjectSection
EndProject
Project("{FAE04EC0-301F-11D3-BF4B-00C04F79EFBC}") = "MovieTickets.CostAnalyzerTests", "MovieTickets.CostAnalyzerTests\MovieTickets.CostAnalyzerTests.csproj", "{8CA89DC6-466D-4816-824E-498CA49D009D}"
EndProject
Global
	GlobalSection(SolutionConfigurationPlatforms) = preSolution
		Debug|Any CPU = Debug|Any CPU
		Debug|x64 = Debug|x64
		Debug|x86 = Debug|x86
		Release|Any CPU = Release|Any CPU
		Release|x64 = Release|x64
		Release|x86 = Release|x86
	EndGlobalSection
	GlobalSection(ProjectConfigurationPlatforms) = postSolution
		{6D3ADE9D-45FA-4910-8F94-0C972E650C64}.Debug|Any CPU.ActiveCfg = Debug|Any CPU
		{6D3ADE9D-45FA-4910-8F94-0C972E650C64}.Debug|Any CPU.Build.0 = Debug|Any CPU
		{6D3ADE9D-45FA-4910-8F94-0C972E650C64}.Debug|x64.ActiveCfg = Debug|Any CPU
		{6D3ADE9D-45FA-4910-8F94-0C972E650C64}.Debug|x64.Build.0 = Debug|Any CPU
		{6D3ADE9D-45FA-4910-8F94-0C972E650C64}.Debug|x86.ActiveCfg = Debug|Any CPU
		{6D3ADE9D-45FA-4910-8F94-0C972E650C64}.Debug|x86.Build.0 = Debug|Any CPU
		{6D3ADE9D-45FA-4910-8F94-0C972E650C64}.Release|Any CPU.ActiveCfg = Release|Any CPU
		{6D3ADE9D-45FA-4910-8F94-0C972E650C64}.Release|Any CPU.Build.0 = Release|Any CPU
		{6D3ADE9D-45FA-4910-8F94-0C972E650C64}.Release|x64.ActiveCfg = Release|Any CPU
		{6D3ADE9D-45FA-4910-8F94-0C972E650C64}.Release|x64.Build.0 = Release|Any CPU
		{6D3ADE9D-45FA-4910-8F94-0C972E650C64}.Release|x86.ActiveCfg = Release|Any CPU
		{6D3ADE9D-45FA-4910-8F94-0C972E650C64}.Release|x86.Build.0 = Release|Any CPU
		{C491E8EE-13DA-46FE-8528-29AC1228F62B}.Debug|Any CPU.ActiveCfg = Debug|Any CPU
		{C491E8EE-13DA-46FE-8528-29AC1228F62B}.Debug|Any CPU.Build.0 = Debug|Any CPU
		{C491E8EE-13DA-46FE-8528-29AC1228F62B}.Debug|x64.ActiveCfg = Debug|Any CPU
		{C491E8EE-13DA-46FE-8528-29AC1228F62B}.Debug|x64.Build.0 = Debug|Any CPU
		{C491E8EE-13DA-46FE-8528-29AC1228F62B}.Debug|x86.ActiveCfg = Debug|Any CPU
		{C491E8EE-13DA-46FE-8528-29AC1228F62B}.Debug|x86.Build.0 = Debug|Any CPU
		{C491E8EE-13DA-46FE-8528-29AC1228F62B}.Release|Any CPU.ActiveCfg = Release|Any CPU
		{C491E8EE-13DA-46FE-8528-29AC1228F62B}.Release|Any CPU.Build.0 = Release|Any CPU
		{C491E8EE-13DA-46FE-8528-29AC1228F62B}.Release|x64.ActiveCfg = Release|Any CPU
		{C491E8EE-13DA-46FE-8528-29AC1228F62B}.Release|x64.Build.0 = Release|Any CPU
		{C491E8EE-13DA-46FE-8528-29AC1228F62B}.Release|x86.ActiveCfg = Release|Any CPU
		{C491E8EE-13DA-46FE-8528-29AC1228F62B}.Release|x86.Build.0 = Release|Any CPU
		{419CF0EA-4CD5-4EB6-AF4F-B6A5BE906250}.Debug|Any CPU.ActiveCfg = Debug|Any CPU
		{419CF0EA-4CD5-4EB6-AF4F-B6A5BE906250}.Debug|Any CPU.Build.0 = Debug|Any CPU
		{419CF0EA-4CD5-4EB6-AF4F-B6A5BE906250}.Debug|x64.ActiveCfg = Debug|Any CPU
		{419CF0EA-4CD5-4EB6-AF4F-B6A5BE906250}.Debug|x64.Build.0 = Debug|Any CPU
		{419CF0EA-4CD5-4EB6-AF4F-B6A5BE906250}.Debug|x86.ActiveCfg = Debug|Any CPU
		{419CF0EA-4CD5-4EB6-AF4F-B6A5BE906250}.Debug|x86.Build.0 = Debug|Any CPU
		{419CF0EA-4CD5-4EB6-AF4F-B6A5BE906250}.Release|Any CPU.ActiveCfg = Release|Any CPU
		{419CF0EA-4CD5-4EB6-AF4F-B6A5BE906250}.Release|Any CPU.Build.0 = Release|Any CPU
		{419CF0EA-4CD5-4EB6-AF4F-B6A5BE906250}.Release|x64.ActiveCfg = Release|Any CPU
		{419CF0EA-4CD5-4EB6-AF4F-B6A5BE906250}.Release|x64.Build.0 = Release|Any CPU
		{419CF0EA-4CD5-4EB6-AF4F-B6A5BE906250}.Release|x86.ActiveCfg = Release|Any CPU
		{419CF0EA-4CD5-4EB6-AF4F-B6A5BE906250}.Release|x86.Build.0 = Release|Any CPU
		{617EBE83-8D1E-4803-A676-5720DB03AA21}.Debug|Any CPU.ActiveCfg = Debug|Any CPU
		{617EBE83-8D1E-4803-A676-5720DB03AA21}.Debug|Any CPU.Build.0 = Debug|Any CPU
		{617EBE83-8D1E-4803-A676-5720DB03AA21}.Debug|x64.ActiveCfg = Debug|Any CPU
		{617EBE83-8D1E-4803-A676-5720DB03AA21}.Debug|x64.Build.0 = Debug|Any CPU
		{617EBE83-8D1E-4803-A676-5720DB03AA21}.Debug|x86.ActiveCfg = Debug|Any CPU
		{617EBE83-8D1E-4803-A676-5720DB03AA21}.Debug|x86.Build.0 = Debug|Any CPU
		{617EBE83-8D1E-4803-A676-5720DB03AA21}.Release|Any CPU.ActiveCfg = Release|Any CPU
		{617EBE83-8D1E-4803-A676-5720DB03AA21}.Release|Any CPU.Build.0 = Release|Any CPU
		{617EBE83-8D1E-4803-A676-5720DB03AA21}.Release|x64.ActiveCfg = Release|Any CPU
		{617EBE83-8D1E-4803-A676-5720DB03AA21}.Release|x64.Build.0 = Release|Any CPU
		{617EBE83-8D1E-4803-A676-5720DB03AA21}.Release|x86.ActiveCfg = Release|Any CPU
		{617EBE83-8D1E-4803-A676-5720DB03AA21}.Release|x86.Build.0 = Release|Any CPU
		{1E7A4C95-17C5-4C3C-A8F3-DC2D6210FB2E}.Debug|Any CPU.ActiveCfg = Debug|Any CPU
		{1E7A4C95-17C5-4C3C-A8F3-DC2D6210FB2E}.Debug|Any CPU.Build.0 = Debug|Any CPU
		{1E7A4C95-17C5-4C3C-A8F3-DC2D6210FB2E}.Debug|x64.ActiveCfg = Debug|Any CPU
		{1E7A4C95-17C5-4C3C-A8F3-DC2D6210FB2E}.Debug|x64.Build.0 = Debug|Any CPU
		{1E7A4C95-17C5-4C3C-A8F3-DC2D6210FB2E}.Debug|x86.ActiveCfg = Debug|Any CPU
		{1E7A4C95-17C5-4C3C-A8F3-DC2D6210FB2E}.Debug|x86.Build.0 = Debug|Any CPU
		{1E7A4C95-17C5-4C3C-A8F3-DC2D6210FB2E}.Release|Any CPU.ActiveCfg = Release|Any CPU
		{1E7A4C95-17C5-4C3C-A8F3-DC2D6210FB2E}.Release|Any CPU.Build.0 = Release|Any CPU
		{1E7A4C95-17C5-4C3C-A8F3-DC2D6210FB2E}.Release|x64.ActiveCfg = Release|Any CPU
		{1E7A4C95-17C5-4C3C-A8F3-DC2D6210FB2E}.Release|x64.Build.0 = Release|Any CPU
		{1E7A4C95-17C5-4C3C-A8F3-DC2D6210FB2E}.Release|x86.ActiveCfg = Release|Any CPU
		{1E7A4C95-17C5-4C3C-A8F3-DC2D6210FB2E}.Release|x86.Build.0 = Release|Any CPU
		{ABB45385-9AF7-4BD2-A4E3-61846C9911C7}.Debug|Any CPU.ActiveCfg = Debug|Any CPU
		{ABB45385-9AF7-4BD2-A4E3-61846C9911C7}.Debug|Any CPU.Build.0 = Debug|Any CPU
		{ABB45385-9AF7-4BD2-A4E3-61846C9911C7}.Debug|x64.ActiveCfg = Debug|Any CPU
		{ABB45385-9AF7-4BD2-A4E3-61846C9911C7}.Debug|x64.Build.0 = Debug|Any CPU
		{ABB45385-9AF7-4BD2-A4E3-61846C9911C7}.Debug|x86.ActiveCfg = Debug|Any CPU
		{ABB45385-9AF7-4BD2-A4E3-61846C9911C7}.Debug|x86.Build.0 = Debug|Any CPU
		{ABB45385-9AF7-4BD2-A4E3-61846C9911C7}.Release|Any CPU.ActiveCfg = Release|Any CPU
		{ABB45385-9AF7-4BD2-A4E3-61846C9911C7}.Release|Any CPU.Build.0 = Release|Any CPU
		{ABB45385-9AF7-4BD2-A4E3-61846C9911C7}.Release|x64.ActiveCfg = Release|Any CPU
		{ABB45385-9AF7-4BD2-A4E3-61846C9911C7}.Release|x64.Build.0 = Release|Any CPU
		{ABB45385-9AF7-4BD2-A4E3-61846C9911C7}.Release|x86.ActiveCfg = Release|Any CPU
		{ABB45385-9AF7-4BD2-A4E3-61846C9911C7}.Release|x86.Build.0 = Release|Any CPU
		{5D1915E5-351A-4B4F-BA42-1AB77FB88CF1}.Debug|Any CPU.ActiveCfg = Debug|Any CPU
		{5D1915E5-351A-4B4F-BA42-1AB77FB88CF1}.Debug|Any CPU.Build.0 = Debug|Any CPU
		{5D1915E5-351A-4B4F-BA42-1AB77FB88CF1}.Debug|x64.ActiveCfg = Debug|Any CPU
		{5D1915E5-351A-4B4F-BA42-1AB77FB88CF1}.Debug|x64.Build.0 = Debug|Any CPU
		{5D1915E5-351A-4B4F-BA42-1AB77FB88CF1}.Debug|x86.ActiveCfg = Debug|Any CPU
		{5D1915E5-351A-4B4F-BA42-1AB77FB88CF1}.Debug|x86.Build.0 = Debug|Any CPU
		{5D1915E5-351A-4B4F-BA42-1AB77FB88CF1}.Release|Any CPU.ActiveCfg = Release|Any CPU
		{5D1915E5-351A-4B4F-BA42-1AB77FB88CF1}.Release|Any CPU.Build.0 = Release|Any CPU
		{5D1915E5-351A-4B4F-BA42-1AB77FB88CF1}.Release|x64.ActiveCfg = Release|Any CPU
		{5D1915E5-351A-4B4F-BA42-1AB77FB88CF1}.Release|x64.Build.0 = Release|Any CPU
		{5D1915E5-351A-4B4F-BA42-1AB77FB88CF1}.Release|x86.ActiveCfg = Release|Any CPU
		{5D1915E5-351A-4B4F-BA42-1AB77FB88CF1}.Release|x86.Build.0 = Release|Any CPU
		{64A00BB0-A80B-4039-809E-0F6BB143585B}.Debug|Any CPU.ActiveCfg = Debug|Any CPU
		{64A00BB0-A80B-4039-809E-0F6BB143585B}.Debug|Any CPU.Build.0 = Debug|Any CPU
		{64A00BB0-A80B-4039-809E-0F6BB143585B}.Debug|x64.ActiveCfg = Debug|Any CPU
		{64A00BB0-A80B-4039-809E-0F6BB143585B}.Debug|x64.Build.0 = Debug|Any CPU
		{64A00BB0-A80B-4039-809E-0F6BB143585B}.Debug|x86.ActiveCfg = Debug|Any CPU
		{64A00BB0-A80B-4039-809E-0F6BB143585B}.Debug|x86.Build.0 = Debug|Any CPU
		{64A00BB0-A80B-4039-809E-0F6BB143585B}.Release|Any CPU.ActiveCfg = Release|Any CPU
		{64A00BB0-A80B-4039-809E-0F6BB143585B}.Release|Any CPU.Build.0 = Release|Any CPU
		{64A00BB0-A80B-4039-809E-0F6BB143585B}.Release|x64.ActiveCfg = Release|Any CPU
		{64A00BB0-A80B-4039-809E-0F6BB143585B}.Release|x64.Build.0 = Release|Any CPU
		{64A00BB0-A80B-4039-809E-0F6BB143585B}.Release|x86.ActiveCfg = Release|Any CPU
		{64A00BB0-A80B-4039-809E-0F6BB143585B}.Release|x86.Build.0 = Release|Any CPU
		{8CA89DC6-466D-4816-824E-498CA49D009D}.Debug|Any CPU.ActiveCfg = Debug|Any CPU
		{8CA89DC6-466D-4816-824E-498CA49D009D}.Debug|Any CPU.Build.0 = Debug|Any CPU
		{8CA89DC6-466D-4816-824E-498CA49D009D}.Debug|x64.ActiveCfg = Debug|Any CPU
		{8CA89DC6-466D-4816-824E-498CA49D009D}.Debug|x64.Build.0 = Debug|Any CPU
		{8CA89DC6-466D-4816-824E-498CA49D009D}.Debug|x86.ActiveCfg = Debug|Any CPU
		{8CA89DC6-466D-4816-824E-498CA49D009D}.Debug|x86.Build.0 = Debug|Any CPU
		{8CA89DC6-466D-4816-824E-498CA49D009D}.Release|Any CPU.ActiveCfg = Release|Any CPU
		{8CA89DC6-466D-4816-824E-498CA49D009D}.Release|Any CPU.Build.0 = Release|Any CPU
		{8CA89DC6-466D-4816-824E-498CA49D009D}.Release|x64.ActiveCfg = Release|Any CPU
		{8CA89DC6-466D-4816-824E-498CA49D009D}.Release|x64.Build.0 = Release|Any CPU
		{8CA89DC6-466D-4816-824E-498CA49D009D}.Release|x86.ActiveCfg = Release|Any CPU
		{8CA89DC6-466D-4816-824E-498CA49D009D}.Release|x86.Build.0 = Release|Any CPU
	EndGlobalSection
	GlobalSection(SolutionProperties) = preSolution
		HideSolutionNode = FALSE
	EndGlobalSection
	GlobalSection(NestedProjects) = preSolution
		{6D3ADE9D-45FA-4910-8F94-0C972E650C64} = {3E9104D8-E50E-4AD2-AA48-6CC5A766E780}
		{C491E8EE-13DA-46FE-8528-29AC1228F62B} = {3E9104D8-E50E-4AD2-AA48-6CC5A766E780}
		{419CF0EA-4CD5-4EB6-AF4F-B6A5BE906250} = {3E9104D8-E50E-4AD2-AA48-6CC5A766E780}
		{617EBE83-8D1E-4803-A676-5720DB03AA21} = {3E9104D8-E50E-4AD2-AA48-6CC5A766E780}
		{1E7A4C95-17C5-4C3C-A8F3-DC2D6210FB2E} = {3E9104D8-E50E-4AD2-AA48-6CC5A766E780}
		{ABB45385-9AF7-4BD2-A4E3-61846C9911C7} = {D1E9CB28-358F-4811-8922-73C0534A2522}
		{5D1915E5-351A-4B4F-BA42-1AB77FB88CF1} = {D1E9CB28-358F-4811-8922-73C0534A2522}
		{64A00BB0-A80B-4039-809E-0F6BB143585B} = {D1E9CB28-358F-4811-8922-73C0534A2522}
		{8CA89DC6-466D-4816-824E-498CA49D009D} = {D1E9CB28-358F-4811-8922-73C0534A2522}
	EndGlobalSection
	GlobalSection(ExtensibilityGlobals) = postSolution
		SolutionGuid = {26F6812E-A58D-417D-AEC1-3F9A625AD579}
	EndGlobalSection
EndGlobal
